// !$*UTF8*$!
{
	archiveVersion = 1;
	classes = {
	};
	objectVersion = 46;
	objects = {

/* Begin PBXBuildFile section */
		D46D2B6218E11E490065701D /* XCTest.framework in Frameworks */ = {isa = PBXBuildFile; fileRef = D4ACA64F18DDEC4A00EBD899 /* XCTest.framework */; };
		D46D2B6A18E11E490065701D /* Reducers_Tests.m in Sources */ = {isa = PBXBuildFile; fileRef = D46D2B6918E11E490065701D /* Reducers_Tests.m */; };
		D46D2B7618E11E800065701D /* XCTest.framework in Frameworks */ = {isa = PBXBuildFile; fileRef = D4ACA64F18DDEC4A00EBD899 /* XCTest.framework */; };
		D46D2B7718E11E800065701D /* Foundation.framework in Frameworks */ = {isa = PBXBuildFile; fileRef = D4CE31F118DF598B00CADB65 /* Foundation.framework */; };
		D46D2B8818E11F0E0065701D /* Reducers_Tests.m in Sources */ = {isa = PBXBuildFile; fileRef = D46D2B6918E11E490065701D /* Reducers_Tests.m */; };
		D46D2B9018E11F920065701D /* XCTest.framework in Frameworks */ = {isa = PBXBuildFile; fileRef = D4ACA64F18DDEC4A00EBD899 /* XCTest.framework */; settings = {ATTRIBUTES = (Weak, ); }; };
		D46D2B9218E1E2CE0065701D /* Lagrangian.framework in Frameworks */ = {isa = PBXBuildFile; fileRef = D46D2B9118E1E2CE0065701D /* Lagrangian.framework */; settings = {ATTRIBUTES = (Weak, ); }; };
		D46D2B9318E1E2DC0065701D /* Foundation.framework in Frameworks */ = {isa = PBXBuildFile; fileRef = D4ACA63D18DDEC4900EBD899 /* Foundation.framework */; };
		D46D2B9518E1E2E70065701D /* libLagrangian.a in Frameworks */ = {isa = PBXBuildFile; fileRef = D46D2B9418E1E2E70065701D /* libLagrangian.a */; settings = {ATTRIBUTES = (Weak, ); }; };
		D46D2B9618E1E30C0065701D /* XCTest.framework in Frameworks */ = {isa = PBXBuildFile; fileRef = D4ACA64F18DDEC4A00EBD899 /* XCTest.framework */; settings = {ATTRIBUTES = (Weak, ); }; };
		D46D2B9718E1E3910065701D /* Lagrangian.framework in Frameworks */ = {isa = PBXBuildFile; fileRef = D46D2B9118E1E2CE0065701D /* Lagrangian.framework */; };
		D46D2B9818E1E3A40065701D /* libLagrangian.a in Frameworks */ = {isa = PBXBuildFile; fileRef = D46D2B9418E1E2E70065701D /* libLagrangian.a */; };
		D4ACA64518DDEC4900EBD899 /* InfoPlist.strings in Resources */ = {isa = PBXBuildFile; fileRef = D4ACA64318DDEC4900EBD899 /* InfoPlist.strings */; };
		D4ACA66518DDED9900EBD899 /* Reducers.h in Headers */ = {isa = PBXBuildFile; fileRef = D4ACA64718DDEC4900EBD899 /* Reducers.h */; settings = {ATTRIBUTES = (Public, ); }; };
		D4ACA66A18DDEE4500EBD899 /* REDReducible.h in Headers */ = {isa = PBXBuildFile; fileRef = D4ACA66818DDEE4500EBD899 /* REDReducible.h */; settings = {ATTRIBUTES = (Public, ); }; };
		D4ACA66B18DDEE4500EBD899 /* REDReducible.m in Sources */ = {isa = PBXBuildFile; fileRef = D4ACA66918DDEE4500EBD899 /* REDReducible.m */; };
		D4ACA67718DDFAD700EBD899 /* REDReducer.h in Headers */ = {isa = PBXBuildFile; fileRef = D4ACA67518DDFAD700EBD899 /* REDReducer.h */; settings = {ATTRIBUTES = (Public, ); }; };
		D4ACA67818DDFAD700EBD899 /* REDReducer.m in Sources */ = {isa = PBXBuildFile; fileRef = D4ACA67618DDFAD700EBD899 /* REDReducer.m */; };
		D4ACA67B18DE015A00EBD899 /* REDMap.h in Headers */ = {isa = PBXBuildFile; fileRef = D4ACA67918DE015A00EBD899 /* REDMap.h */; settings = {ATTRIBUTES = (Public, ); }; };
		D4ACA67C18DE015A00EBD899 /* REDMap.m in Sources */ = {isa = PBXBuildFile; fileRef = D4ACA67A18DE015A00EBD899 /* REDMap.m */; };
		D4ACA67F18DE0AC100EBD899 /* REDFilter.h in Headers */ = {isa = PBXBuildFile; fileRef = D4ACA67D18DE0AC100EBD899 /* REDFilter.h */; settings = {ATTRIBUTES = (Public, ); }; };
		D4ACA68018DE0AC100EBD899 /* REDFilter.m in Sources */ = {isa = PBXBuildFile; fileRef = D4ACA67E18DE0AC100EBD899 /* REDFilter.m */; };
		D4ACA68318DE114900EBD899 /* REDAppendable.h in Headers */ = {isa = PBXBuildFile; fileRef = D4ACA68118DE114900EBD899 /* REDAppendable.h */; settings = {ATTRIBUTES = (Public, ); }; };
		D4ACA68418DE114900EBD899 /* REDAppendable.m in Sources */ = {isa = PBXBuildFile; fileRef = D4ACA68218DE114900EBD899 /* REDAppendable.m */; };
		D4ACA68818DF400A00EBD899 /* REDPair.h in Headers */ = {isa = PBXBuildFile; fileRef = D4ACA68618DF400A00EBD899 /* REDPair.h */; settings = {ATTRIBUTES = (Public, ); }; };
		D4ACA68B18DF440300EBD899 /* REDPair.m in Sources */ = {isa = PBXBuildFile; fileRef = D4ACA68A18DF440300EBD899 /* REDPair.m */; };
		D4CE31F218DF598B00CADB65 /* Foundation.framework in Frameworks */ = {isa = PBXBuildFile; fileRef = D4CE31F118DF598B00CADB65 /* Foundation.framework */; };
		D4CE31FB18DF599F00CADB65 /* Reducers.h in Headers */ = {isa = PBXBuildFile; fileRef = D4ACA64718DDEC4900EBD899 /* Reducers.h */; settings = {ATTRIBUTES = (Public, ); }; };
		D4CE31FC18DF5A4800CADB65 /* REDMap.m in Sources */ = {isa = PBXBuildFile; fileRef = D4ACA67A18DE015A00EBD899 /* REDMap.m */; };
		D4CE31FD18DF5A4A00CADB65 /* REDAppendable.h in Headers */ = {isa = PBXBuildFile; fileRef = D4ACA68118DE114900EBD899 /* REDAppendable.h */; settings = {ATTRIBUTES = (Public, ); }; };
		D4CE31FE18DF5A5300CADB65 /* REDAppendable.m in Sources */ = {isa = PBXBuildFile; fileRef = D4ACA68218DE114900EBD899 /* REDAppendable.m */; };
		D4CE31FF18DF5A5600CADB65 /* REDMap.h in Headers */ = {isa = PBXBuildFile; fileRef = D4ACA67918DE015A00EBD899 /* REDMap.h */; settings = {ATTRIBUTES = (Public, ); }; };
		D4CE320018DF5A5E00CADB65 /* REDPair.h in Headers */ = {isa = PBXBuildFile; fileRef = D4ACA68618DF400A00EBD899 /* REDPair.h */; settings = {ATTRIBUTES = (Public, ); }; };
		D4CE320118DF5A6200CADB65 /* REDPair.m in Sources */ = {isa = PBXBuildFile; fileRef = D4ACA68A18DF440300EBD899 /* REDPair.m */; };
		D4CE320218DF5A6700CADB65 /* REDReducible.m in Sources */ = {isa = PBXBuildFile; fileRef = D4ACA66918DDEE4500EBD899 /* REDReducible.m */; };
		D4CE320318DF5A7000CADB65 /* REDReducible.h in Headers */ = {isa = PBXBuildFile; fileRef = D4ACA66818DDEE4500EBD899 /* REDReducible.h */; settings = {ATTRIBUTES = (Public, ); }; };
		D4CE320418DF5A8500CADB65 /* REDReducer.h in Headers */ = {isa = PBXBuildFile; fileRef = D4ACA67518DDFAD700EBD899 /* REDReducer.h */; settings = {ATTRIBUTES = (Public, ); }; };
		D4CE320518DF5A8900CADB65 /* REDReducer.m in Sources */ = {isa = PBXBuildFile; fileRef = D4ACA67618DDFAD700EBD899 /* REDReducer.m */; };
		D4CE320618DF5A8C00CADB65 /* REDFilter.h in Headers */ = {isa = PBXBuildFile; fileRef = D4ACA67D18DE0AC100EBD899 /* REDFilter.h */; settings = {ATTRIBUTES = (Public, ); }; };
		D4CE320718DF5A9100CADB65 /* REDFilter.m in Sources */ = {isa = PBXBuildFile; fileRef = D4ACA67E18DE0AC100EBD899 /* REDFilter.m */; };
/* End PBXBuildFile section */

/* Begin PBXContainerItemProxy section */
		D46D2B6C18E11E490065701D /* PBXContainerItemProxy */ = {
			isa = PBXContainerItemProxy;
			containerPortal = D4ACA62E18DDEC4900EBD899 /* Project object */;
			proxyType = 1;
			remoteGlobalIDString = D4ACA63618DDEC4900EBD899;
			remoteInfo = Reducers;
		};
		D46D2B8318E11E810065701D /* PBXContainerItemProxy */ = {
			isa = PBXContainerItemProxy;
			containerPortal = D4ACA62E18DDEC4900EBD899 /* Project object */;
			proxyType = 1;
			remoteGlobalIDString = D4CE31EF18DF598B00CADB65;
			remoteInfo = "Reducers (iOS static framework)";
		};
/* End PBXContainerItemProxy section */

/* Begin PBXFileReference section */
		D46D2B6118E11E490065701D /* Reducers Mac Tests.xctest */ = {isa = PBXFileReference; explicitFileType = wrapper.cfbundle; includeInIndex = 0; path = "Reducers Mac Tests.xctest"; sourceTree = BUILT_PRODUCTS_DIR; };
		D46D2B6518E11E490065701D /* Reducers Tests-Info.plist */ = {isa = PBXFileReference; lastKnownFileType = text.plist.xml; path = "Reducers Tests-Info.plist"; sourceTree = "<group>"; };
		D46D2B6918E11E490065701D /* Reducers_Tests.m */ = {isa = PBXFileReference; lastKnownFileType = sourcecode.c.objc; path = Reducers_Tests.m; sourceTree = "<group>"; };
		D46D2B7518E11E800065701D /* Reducers iOS Tests.xctest */ = {isa = PBXFileReference; explicitFileType = wrapper.cfbundle; includeInIndex = 0; path = "Reducers iOS Tests.xctest"; sourceTree = BUILT_PRODUCTS_DIR; };
		D46D2B7818E11E800065701D /* UIKit.framework */ = {isa = PBXFileReference; lastKnownFileType = wrapper.framework; name = UIKit.framework; path = Library/Frameworks/UIKit.framework; sourceTree = DEVELOPER_DIR; };
		D46D2B9118E1E2CE0065701D /* Lagrangian.framework */ = {isa = PBXFileReference; lastKnownFileType = wrapper.framework; name = Lagrangian.framework; path = External/Lagrangian/build/Debug/Lagrangian.framework; sourceTree = "<group>"; };
		D46D2B9418E1E2E70065701D /* libLagrangian.a */ = {isa = PBXFileReference; lastKnownFileType = archive.ar; name = libLagrangian.a; path = "External/Lagrangian/build/Debug-iphoneos/libLagrangian.a"; sourceTree = "<group>"; };
		D4ACA63718DDEC4900EBD899 /* Reducers.framework */ = {isa = PBXFileReference; explicitFileType = wrapper.framework; includeInIndex = 0; path = Reducers.framework; sourceTree = BUILT_PRODUCTS_DIR; };
		D4ACA63A18DDEC4900EBD899 /* Cocoa.framework */ = {isa = PBXFileReference; lastKnownFileType = wrapper.framework; name = Cocoa.framework; path = System/Library/Frameworks/Cocoa.framework; sourceTree = SDKROOT; };
		D4ACA63D18DDEC4900EBD899 /* Foundation.framework */ = {isa = PBXFileReference; lastKnownFileType = wrapper.framework; name = Foundation.framework; path = System/Library/Frameworks/Foundation.framework; sourceTree = SDKROOT; };
		D4ACA63E18DDEC4900EBD899 /* CoreData.framework */ = {isa = PBXFileReference; lastKnownFileType = wrapper.framework; name = CoreData.framework; path = System/Library/Frameworks/CoreData.framework; sourceTree = SDKROOT; };
		D4ACA63F18DDEC4900EBD899 /* AppKit.framework */ = {isa = PBXFileReference; lastKnownFileType = wrapper.framework; name = AppKit.framework; path = System/Library/Frameworks/AppKit.framework; sourceTree = SDKROOT; };
		D4ACA64218DDEC4900EBD899 /* Reducers-Info.plist */ = {isa = PBXFileReference; lastKnownFileType = text.plist.xml; path = "Reducers-Info.plist"; sourceTree = "<group>"; };
		D4ACA64418DDEC4900EBD899 /* en */ = {isa = PBXFileReference; lastKnownFileType = text.plist.strings; name = en; path = en.lproj/InfoPlist.strings; sourceTree = "<group>"; };
		D4ACA64618DDEC4900EBD899 /* Reducers.pch */ = {isa = PBXFileReference; lastKnownFileType = sourcecode.c.h; path = Reducers.pch; sourceTree = "<group>"; };
		D4ACA64718DDEC4900EBD899 /* Reducers.h */ = {isa = PBXFileReference; lastKnownFileType = sourcecode.c.h; path = Reducers.h; sourceTree = "<group>"; };
		D4ACA64F18DDEC4A00EBD899 /* XCTest.framework */ = {isa = PBXFileReference; lastKnownFileType = wrapper.framework; name = XCTest.framework; path = Library/Frameworks/XCTest.framework; sourceTree = DEVELOPER_DIR; };
		D4ACA66818DDEE4500EBD899 /* REDReducible.h */ = {isa = PBXFileReference; fileEncoding = 4; lastKnownFileType = sourcecode.c.h; path = REDReducible.h; sourceTree = "<group>"; };
		D4ACA66918DDEE4500EBD899 /* REDReducible.m */ = {isa = PBXFileReference; fileEncoding = 4; lastKnownFileType = sourcecode.c.objc; path = REDReducible.m; sourceTree = "<group>"; };
		D4ACA67518DDFAD700EBD899 /* REDReducer.h */ = {isa = PBXFileReference; fileEncoding = 4; lastKnownFileType = sourcecode.c.h; path = REDReducer.h; sourceTree = "<group>"; };
		D4ACA67618DDFAD700EBD899 /* REDReducer.m */ = {isa = PBXFileReference; fileEncoding = 4; lastKnownFileType = sourcecode.c.objc; path = REDReducer.m; sourceTree = "<group>"; };
		D4ACA67918DE015A00EBD899 /* REDMap.h */ = {isa = PBXFileReference; fileEncoding = 4; lastKnownFileType = sourcecode.c.h; path = REDMap.h; sourceTree = "<group>"; };
		D4ACA67A18DE015A00EBD899 /* REDMap.m */ = {isa = PBXFileReference; fileEncoding = 4; lastKnownFileType = sourcecode.c.objc; path = REDMap.m; sourceTree = "<group>"; };
		D4ACA67D18DE0AC100EBD899 /* REDFilter.h */ = {isa = PBXFileReference; fileEncoding = 4; lastKnownFileType = sourcecode.c.h; path = REDFilter.h; sourceTree = "<group>"; };
		D4ACA67E18DE0AC100EBD899 /* REDFilter.m */ = {isa = PBXFileReference; fileEncoding = 4; lastKnownFileType = sourcecode.c.objc; path = REDFilter.m; sourceTree = "<group>"; };
		D4ACA68118DE114900EBD899 /* REDAppendable.h */ = {isa = PBXFileReference; fileEncoding = 4; lastKnownFileType = sourcecode.c.h; path = REDAppendable.h; sourceTree = "<group>"; };
		D4ACA68218DE114900EBD899 /* REDAppendable.m */ = {isa = PBXFileReference; fileEncoding = 4; lastKnownFileType = sourcecode.c.objc; path = REDAppendable.m; sourceTree = "<group>"; };
		D4ACA68618DF400A00EBD899 /* REDPair.h */ = {isa = PBXFileReference; fileEncoding = 4; lastKnownFileType = sourcecode.c.h; path = REDPair.h; sourceTree = "<group>"; };
		D4ACA68A18DF440300EBD899 /* REDPair.m */ = {isa = PBXFileReference; fileEncoding = 4; lastKnownFileType = sourcecode.c.objc; path = REDPair.m; sourceTree = "<group>"; };
		D4CE31F018DF598B00CADB65 /* libReducers.a */ = {isa = PBXFileReference; explicitFileType = archive.ar; includeInIndex = 0; path = libReducers.a; sourceTree = BUILT_PRODUCTS_DIR; };
		D4CE31F118DF598B00CADB65 /* Foundation.framework */ = {isa = PBXFileReference; lastKnownFileType = wrapper.framework; name = Foundation.framework; path = /System/Library/Frameworks/Foundation.framework; sourceTree = "<absolute>"; };
/* End PBXFileReference section */

/* Begin PBXFrameworksBuildPhase section */
		D46D2B5E18E11E490065701D /* Frameworks */ = {
			isa = PBXFrameworksBuildPhase;
			buildActionMask = 2147483647;
			files = (
				D46D2B6218E11E490065701D /* XCTest.framework in Frameworks */,
				D46D2B9718E1E3910065701D /* Lagrangian.framework in Frameworks */,
			);
			runOnlyForDeploymentPostprocessing = 0;
		};
		D46D2B7218E11E800065701D /* Frameworks */ = {
			isa = PBXFrameworksBuildPhase;
			buildActionMask = 2147483647;
			files = (
				D46D2B7718E11E800065701D /* Foundation.framework in Frameworks */,
				D46D2B7618E11E800065701D /* XCTest.framework in Frameworks */,
				D46D2B9818E1E3A40065701D /* libLagrangian.a in Frameworks */,
			);
			runOnlyForDeploymentPostprocessing = 0;
		};
		D4ACA63318DDEC4900EBD899 /* Frameworks */ = {
			isa = PBXFrameworksBuildPhase;
			buildActionMask = 2147483647;
			files = (
				D46D2B9318E1E2DC0065701D /* Foundation.framework in Frameworks */,
				D46D2B9018E11F920065701D /* XCTest.framework in Frameworks */,
				D46D2B9218E1E2CE0065701D /* Lagrangian.framework in Frameworks */,
			);
			runOnlyForDeploymentPostprocessing = 0;
		};
		D4CE31EC18DF598B00CADB65 /* Frameworks */ = {
			isa = PBXFrameworksBuildPhase;
			buildActionMask = 2147483647;
			files = (
				D4CE31F218DF598B00CADB65 /* Foundation.framework in Frameworks */,
				D46D2B9618E1E30C0065701D /* XCTest.framework in Frameworks */,
				D46D2B9518E1E2E70065701D /* libLagrangian.a in Frameworks */,
			);
			runOnlyForDeploymentPostprocessing = 0;
		};
/* End PBXFrameworksBuildPhase section */

/* Begin PBXGroup section */
		D46D2B6318E11E490065701D /* Reducers Tests */ = {
			isa = PBXGroup;
			children = (
				D46D2B6918E11E490065701D /* Reducers_Tests.m */,
				D46D2B6418E11E490065701D /* Supporting Files */,
			);
			path = "Reducers Tests";
			sourceTree = "<group>";
		};
		D46D2B6418E11E490065701D /* Supporting Files */ = {
			isa = PBXGroup;
			children = (
				D46D2B6518E11E490065701D /* Reducers Tests-Info.plist */,
			);
			name = "Supporting Files";
			sourceTree = "<group>";
		};
		D4ACA62D18DDEC4900EBD899 = {
			isa = PBXGroup;
			children = (
				D4ACA64018DDEC4900EBD899 /* Reducers */,
				D46D2B6318E11E490065701D /* Reducers Tests */,
				D4ACA63918DDEC4900EBD899 /* Frameworks */,
				D4ACA63818DDEC4900EBD899 /* Products */,
			);
			sourceTree = "<group>";
		};
		D4ACA63818DDEC4900EBD899 /* Products */ = {
			isa = PBXGroup;
			children = (
				D4ACA63718DDEC4900EBD899 /* Reducers.framework */,
				D4CE31F018DF598B00CADB65 /* libReducers.a */,
				D46D2B6118E11E490065701D /* Reducers Mac Tests.xctest */,
				D46D2B7518E11E800065701D /* Reducers iOS Tests.xctest */,
			);
			name = Products;
			sourceTree = "<group>";
		};
		D4ACA63918DDEC4900EBD899 /* Frameworks */ = {
			isa = PBXGroup;
			children = (
				D46D2B9418E1E2E70065701D /* libLagrangian.a */,
				D46D2B9118E1E2CE0065701D /* Lagrangian.framework */,
				D4ACA63A18DDEC4900EBD899 /* Cocoa.framework */,
				D4ACA64F18DDEC4A00EBD899 /* XCTest.framework */,
				D4CE31F118DF598B00CADB65 /* Foundation.framework */,
				D46D2B7818E11E800065701D /* UIKit.framework */,
				D4ACA63C18DDEC4900EBD899 /* Other Frameworks */,
			);
			name = Frameworks;
			sourceTree = "<group>";
		};
		D4ACA63C18DDEC4900EBD899 /* Other Frameworks */ = {
			isa = PBXGroup;
			children = (
				D4ACA63D18DDEC4900EBD899 /* Foundation.framework */,
				D4ACA63E18DDEC4900EBD899 /* CoreData.framework */,
				D4ACA63F18DDEC4900EBD899 /* AppKit.framework */,
			);
			name = "Other Frameworks";
			sourceTree = "<group>";
		};
		D4ACA64018DDEC4900EBD899 /* Reducers */ = {
			isa = PBXGroup;
			children = (
				D4ACA64718DDEC4900EBD899 /* Reducers.h */,
				D4ACA66818DDEE4500EBD899 /* REDReducible.h */,
				D4ACA66918DDEE4500EBD899 /* REDReducible.m */,
				D4ACA67418DDF99400EBD899 /* Reducers */,
				D4ACA68118DE114900EBD899 /* REDAppendable.h */,
				D4ACA68218DE114900EBD899 /* REDAppendable.m */,
				D4ACA68618DF400A00EBD899 /* REDPair.h */,
				D4ACA68A18DF440300EBD899 /* REDPair.m */,
				D4ACA64118DDEC4900EBD899 /* Supporting Files */,
			);
			path = Reducers;
			sourceTree = "<group>";
		};
		D4ACA64118DDEC4900EBD899 /* Supporting Files */ = {
			isa = PBXGroup;
			children = (
				D4ACA64218DDEC4900EBD899 /* Reducers-Info.plist */,
				D4ACA64318DDEC4900EBD899 /* InfoPlist.strings */,
				D4ACA64618DDEC4900EBD899 /* Reducers.pch */,
			);
			name = "Supporting Files";
			sourceTree = "<group>";
		};
		D4ACA67418DDF99400EBD899 /* Reducers */ = {
			isa = PBXGroup;
			children = (
				D4ACA67518DDFAD700EBD899 /* REDReducer.h */,
				D4ACA67618DDFAD700EBD899 /* REDReducer.m */,
				D4ACA67D18DE0AC100EBD899 /* REDFilter.h */,
				D4ACA67E18DE0AC100EBD899 /* REDFilter.m */,
				D4ACA67918DE015A00EBD899 /* REDMap.h */,
				D4ACA67A18DE015A00EBD899 /* REDMap.m */,
			);
			name = Reducers;
			sourceTree = "<group>";
		};
/* End PBXGroup section */

/* Begin PBXHeadersBuildPhase section */
		D4ACA63418DDEC4900EBD899 /* Headers */ = {
			isa = PBXHeadersBuildPhase;
			buildActionMask = 2147483647;
			files = (
				D4ACA68318DE114900EBD899 /* REDAppendable.h in Headers */,
				D4ACA66518DDED9900EBD899 /* Reducers.h in Headers */,
				D4ACA68818DF400A00EBD899 /* REDPair.h in Headers */,
				D4ACA66A18DDEE4500EBD899 /* REDReducible.h in Headers */,
				D4ACA67718DDFAD700EBD899 /* REDReducer.h in Headers */,
				D4ACA67F18DE0AC100EBD899 /* REDFilter.h in Headers */,
				D4ACA67B18DE015A00EBD899 /* REDMap.h in Headers */,
			);
			runOnlyForDeploymentPostprocessing = 0;
		};
		D4CE31ED18DF598B00CADB65 /* Headers */ = {
			isa = PBXHeadersBuildPhase;
			buildActionMask = 2147483647;
			files = (
				D4CE320618DF5A8C00CADB65 /* REDFilter.h in Headers */,
				D4CE31FD18DF5A4A00CADB65 /* REDAppendable.h in Headers */,
				D4CE31FF18DF5A5600CADB65 /* REDMap.h in Headers */,
				D4CE320018DF5A5E00CADB65 /* REDPair.h in Headers */,
				D4CE320418DF5A8500CADB65 /* REDReducer.h in Headers */,
				D4CE31FB18DF599F00CADB65 /* Reducers.h in Headers */,
				D4CE320318DF5A7000CADB65 /* REDReducible.h in Headers */,
			);
			runOnlyForDeploymentPostprocessing = 0;
		};
/* End PBXHeadersBuildPhase section */

/* Begin PBXNativeTarget section */
		D46D2B6018E11E490065701D /* Reducers Mac Tests */ = {
			isa = PBXNativeTarget;
			buildConfigurationList = D46D2B6E18E11E490065701D /* Build configuration list for PBXNativeTarget "Reducers Mac Tests" */;
			buildPhases = (
				D46D2B5D18E11E490065701D /* Sources */,
				D46D2B5E18E11E490065701D /* Frameworks */,
				D46D2B5F18E11E490065701D /* Resources */,
			);
			buildRules = (
			);
			dependencies = (
				D46D2B6D18E11E490065701D /* PBXTargetDependency */,
			);
			name = "Reducers Mac Tests";
			productName = "Reducers Tests";
			productReference = D46D2B6118E11E490065701D /* Reducers Mac Tests.xctest */;
			productType = "com.apple.product-type.bundle.unit-test";
		};
		D46D2B7418E11E800065701D /* Reducers iOS Tests */ = {
			isa = PBXNativeTarget;
			buildConfigurationList = D46D2B8518E11E810065701D /* Build configuration list for PBXNativeTarget "Reducers iOS Tests" */;
			buildPhases = (
				D46D2B7118E11E800065701D /* Sources */,
				D46D2B7218E11E800065701D /* Frameworks */,
				D46D2B7318E11E800065701D /* Resources */,
			);
			buildRules = (
			);
			dependencies = (
				D46D2B8418E11E810065701D /* PBXTargetDependency */,
			);
			name = "Reducers iOS Tests";
			productName = "Reducers iOS Tests";
			productReference = D46D2B7518E11E800065701D /* Reducers iOS Tests.xctest */;
			productType = "com.apple.product-type.bundle.unit-test";
		};
		D4ACA63618DDEC4900EBD899 /* Reducers */ = {
			isa = PBXNativeTarget;
			buildConfigurationList = D4ACA65F18DDEC4A00EBD899 /* Build configuration list for PBXNativeTarget "Reducers" */;
			buildPhases = (
				D4ACA63218DDEC4900EBD899 /* Sources */,
				D4ACA63318DDEC4900EBD899 /* Frameworks */,
				D4ACA63418DDEC4900EBD899 /* Headers */,
				D4ACA63518DDEC4900EBD899 /* Resources */,
			);
			buildRules = (
			);
			dependencies = (
			);
			name = Reducers;
			productName = Reducers;
			productReference = D4ACA63718DDEC4900EBD899 /* Reducers.framework */;
			productType = "com.apple.product-type.framework";
		};
		D4CE31EF18DF598B00CADB65 /* Reducers (iOS static framework) */ = {
			isa = PBXNativeTarget;
			buildConfigurationList = D4CE31FA18DF598B00CADB65 /* Build configuration list for PBXNativeTarget "Reducers (iOS static framework)" */;
			buildPhases = (
				D4CE31EB18DF598B00CADB65 /* Sources */,
				D4CE31EC18DF598B00CADB65 /* Frameworks */,
				D4CE31ED18DF598B00CADB65 /* Headers */,
				D4CE31EE18DF598B00CADB65 /* Prepare Framework */,
			);
			buildRules = (
			);
			dependencies = (
			);
			name = "Reducers (iOS static framework)";
			productName = "Reducers (iOS)";
			productReference = D4CE31F018DF598B00CADB65 /* libReducers.a */;
			productType = "com.apple.product-type.library.static";
		};
/* End PBXNativeTarget section */

/* Begin PBXProject section */
		D4ACA62E18DDEC4900EBD899 /* Project object */ = {
			isa = PBXProject;
			attributes = {
				CLASSPREFIX = RED;
				LastUpgradeCheck = 0510;
				ORGANIZATIONNAME = "Rob Rix";
				TargetAttributes = {
					D46D2B6018E11E490065701D = {
						TestTargetID = D4ACA63618DDEC4900EBD899;
					};
					D46D2B7418E11E800065701D = {
						TestTargetID = D4CE31EF18DF598B00CADB65;
					};
				};
			};
			buildConfigurationList = D4ACA63118DDEC4900EBD899 /* Build configuration list for PBXProject "Reducers" */;
			compatibilityVersion = "Xcode 3.2";
			developmentRegion = English;
			hasScannedForEncodings = 0;
			knownRegions = (
				en,
			);
			mainGroup = D4ACA62D18DDEC4900EBD899;
			productRefGroup = D4ACA63818DDEC4900EBD899 /* Products */;
			projectDirPath = "";
			projectRoot = "";
			targets = (
				D4ACA63618DDEC4900EBD899 /* Reducers */,
				D4CE31EF18DF598B00CADB65 /* Reducers (iOS static framework) */,
				D46D2B6018E11E490065701D /* Reducers Mac Tests */,
				D46D2B7418E11E800065701D /* Reducers iOS Tests */,
			);
		};
/* End PBXProject section */

/* Begin PBXResourcesBuildPhase section */
		D46D2B5F18E11E490065701D /* Resources */ = {
			isa = PBXResourcesBuildPhase;
			buildActionMask = 2147483647;
			files = (
			);
			runOnlyForDeploymentPostprocessing = 0;
		};
		D46D2B7318E11E800065701D /* Resources */ = {
			isa = PBXResourcesBuildPhase;
			buildActionMask = 2147483647;
			files = (
			);
			runOnlyForDeploymentPostprocessing = 0;
		};
		D4ACA63518DDEC4900EBD899 /* Resources */ = {
			isa = PBXResourcesBuildPhase;
			buildActionMask = 2147483647;
			files = (
				D4ACA64518DDEC4900EBD899 /* InfoPlist.strings in Resources */,
			);
			runOnlyForDeploymentPostprocessing = 0;
		};
/* End PBXResourcesBuildPhase section */

/* Begin PBXShellScriptBuildPhase section */
		D4CE31EE18DF598B00CADB65 /* Prepare Framework */ = {
			isa = PBXShellScriptBuildPhase;
			buildActionMask = 2147483647;
			files = (
			);
			inputPaths = (
			);
			name = "Prepare Framework";
			outputPaths = (
			);
			runOnlyForDeploymentPostprocessing = 0;
			shellPath = /bin/bash;
			shellScript = "set -e\n\nmkdir -p \"${BUILT_PRODUCTS_DIR}/${PRODUCT_NAME}.framework/Versions/A/Headers\"\n\nln -sfh A \"${BUILT_PRODUCTS_DIR}/${PRODUCT_NAME}.framework/Versions/Current\"\nln -sfh Versions/Current/Headers \"${BUILT_PRODUCTS_DIR}/${PRODUCT_NAME}.framework/Headers\"\nln -sfh \"Versions/Current/${PRODUCT_NAME}\" \"${BUILT_PRODUCTS_DIR}/${PRODUCT_NAME}.framework/${PRODUCT_NAME}\"\n\ncp -a \"${TARGET_BUILD_DIR}/${PUBLIC_HEADERS_FOLDER_PATH}/\" \"${BUILT_PRODUCTS_DIR}/${PRODUCT_NAME}.framework/Versions/A/Headers\"\n\ncp -a \"${BUILT_PRODUCTS_DIR}/lib${PRODUCT_NAME}.a\" \"${BUILT_PRODUCTS_DIR}/${PRODUCT_NAME}.framework/Versions/A/${PRODUCT_NAME}\"";
		};
/* End PBXShellScriptBuildPhase section */

/* Begin PBXSourcesBuildPhase section */
		D46D2B5D18E11E490065701D /* Sources */ = {
			isa = PBXSourcesBuildPhase;
			buildActionMask = 2147483647;
			files = (
				D46D2B6A18E11E490065701D /* Reducers_Tests.m in Sources */,
			);
			runOnlyForDeploymentPostprocessing = 0;
		};
		D46D2B7118E11E800065701D /* Sources */ = {
			isa = PBXSourcesBuildPhase;
			buildActionMask = 2147483647;
			files = (
				D46D2B8818E11F0E0065701D /* Reducers_Tests.m in Sources */,
			);
			runOnlyForDeploymentPostprocessing = 0;
		};
		D4ACA63218DDEC4900EBD899 /* Sources */ = {
			isa = PBXSourcesBuildPhase;
			buildActionMask = 2147483647;
			files = (
				D4ACA67818DDFAD700EBD899 /* REDReducer.m in Sources */,
				D4ACA68418DE114900EBD899 /* REDAppendable.m in Sources */,
				D4ACA66B18DDEE4500EBD899 /* REDReducible.m in Sources */,
				D4ACA68B18DF440300EBD899 /* REDPair.m in Sources */,
				D4ACA67C18DE015A00EBD899 /* REDMap.m in Sources */,
				D4ACA68018DE0AC100EBD899 /* REDFilter.m in Sources */,
			);
			runOnlyForDeploymentPostprocessing = 0;
		};
		D4CE31EB18DF598B00CADB65 /* Sources */ = {
			isa = PBXSourcesBuildPhase;
			buildActionMask = 2147483647;
			files = (
				D4CE320118DF5A6200CADB65 /* REDPair.m in Sources */,
				D4CE320718DF5A9100CADB65 /* REDFilter.m in Sources */,
				D4CE31FC18DF5A4800CADB65 /* REDMap.m in Sources */,
				D4CE31FE18DF5A5300CADB65 /* REDAppendable.m in Sources */,
				D4CE320218DF5A6700CADB65 /* REDReducible.m in Sources */,
				D4CE320518DF5A8900CADB65 /* REDReducer.m in Sources */,
			);
			runOnlyForDeploymentPostprocessing = 0;
		};
/* End PBXSourcesBuildPhase section */

/* Begin PBXTargetDependency section */
		D46D2B6D18E11E490065701D /* PBXTargetDependency */ = {
			isa = PBXTargetDependency;
			target = D4ACA63618DDEC4900EBD899 /* Reducers */;
			targetProxy = D46D2B6C18E11E490065701D /* PBXContainerItemProxy */;
		};
		D46D2B8418E11E810065701D /* PBXTargetDependency */ = {
			isa = PBXTargetDependency;
			target = D4CE31EF18DF598B00CADB65 /* Reducers (iOS static framework) */;
			targetProxy = D46D2B8318E11E810065701D /* PBXContainerItemProxy */;
		};
/* End PBXTargetDependency section */

/* Begin PBXVariantGroup section */
		D4ACA64318DDEC4900EBD899 /* InfoPlist.strings */ = {
			isa = PBXVariantGroup;
			children = (
				D4ACA64418DDEC4900EBD899 /* en */,
			);
			name = InfoPlist.strings;
			sourceTree = "<group>";
		};
/* End PBXVariantGroup section */

/* Begin XCBuildConfiguration section */
		D46D2B6F18E11E490065701D /* Debug */ = {
			isa = XCBuildConfiguration;
			buildSettings = {
				FRAMEWORK_SEARCH_PATHS = "$(DEVELOPER_FRAMEWORKS_DIR)";
				INFOPLIST_FILE = "Reducers Tests/Reducers Tests-Info.plist";
				PRODUCT_NAME = "$(TARGET_NAME)";
				WRAPPER_EXTENSION = xctest;
			};
			name = Debug;
		};
		D46D2B7018E11E490065701D /* Release */ = {
			isa = XCBuildConfiguration;
			buildSettings = {
				FRAMEWORK_SEARCH_PATHS = "$(DEVELOPER_FRAMEWORKS_DIR)";
				INFOPLIST_FILE = "Reducers Tests/Reducers Tests-Info.plist";
				PRODUCT_NAME = "$(TARGET_NAME)";
				WRAPPER_EXTENSION = xctest;
			};
			name = Release;
		};
		D46D2B8618E11E810065701D /* Debug */ = {
			isa = XCBuildConfiguration;
			buildSettings = {
				FRAMEWORK_SEARCH_PATHS = "$(SDKROOT)/Developer/Library/Frameworks";
				INFOPLIST_FILE = "Reducers Tests/Reducers Tests-Info.plist";
				OTHER_LDFLAGS = (
					"$(inherited)",
					"-ObjC",
				);
				PRODUCT_NAME = "$(TARGET_NAME)";
				SDKROOT = iphoneos;
				WRAPPER_EXTENSION = xctest;
			};
			name = Debug;
		};
		D46D2B8718E11E810065701D /* Release */ = {
			isa = XCBuildConfiguration;
			buildSettings = {
				FRAMEWORK_SEARCH_PATHS = "$(SDKROOT)/Developer/Library/Frameworks";
				INFOPLIST_FILE = "Reducers Tests/Reducers Tests-Info.plist";
				OTHER_LDFLAGS = (
					"$(inherited)",
					"-ObjC",
				);
				PRODUCT_NAME = "$(TARGET_NAME)";
				SDKROOT = iphoneos;
				WRAPPER_EXTENSION = xctest;
			};
			name = Release;
		};
		D4ACA65D18DDEC4A00EBD899 /* Debug */ = {
			isa = XCBuildConfiguration;
			buildSettings = {
				ALWAYS_SEARCH_USER_PATHS = NO;
				CLANG_CXX_LANGUAGE_STANDARD = "gnu++0x";
				CLANG_CXX_LIBRARY = "libc++";
				CLANG_ENABLE_MODULES = YES;
				CLANG_ENABLE_OBJC_ARC = YES;
				CLANG_WARN_BOOL_CONVERSION = YES;
				CLANG_WARN_CONSTANT_CONVERSION = YES;
				CLANG_WARN_DIRECT_OBJC_ISA_USAGE = YES_ERROR;
				CLANG_WARN_EMPTY_BODY = YES;
				CLANG_WARN_ENUM_CONVERSION = YES;
				CLANG_WARN_INT_CONVERSION = YES;
				CLANG_WARN_OBJC_ROOT_CLASS = YES_ERROR;
				CLANG_WARN__DUPLICATE_METHOD_MATCH = YES;
				COPY_PHASE_STRIP = NO;
				GCC_C_LANGUAGE_STANDARD = gnu99;
				GCC_DYNAMIC_NO_PIC = NO;
				GCC_ENABLE_OBJC_EXCEPTIONS = YES;
				GCC_INCREASE_PRECOMPILED_HEADER_SHARING = YES;
				GCC_OPTIMIZATION_LEVEL = 0;
				GCC_PRECOMPILE_PREFIX_HEADER = YES;
				GCC_PREFIX_HEADER = Reducers/Reducers.pch;
				GCC_PREPROCESSOR_DEFINITIONS = (
					"DEBUG=1",
					"$(inherited)",
				);
				GCC_SYMBOLS_PRIVATE_EXTERN = NO;
				GCC_WARN_64_TO_32_BIT_CONVERSION = YES;
				GCC_WARN_ABOUT_RETURN_TYPE = YES_ERROR;
				GCC_WARN_UNDECLARED_SELECTOR = YES;
				GCC_WARN_UNINITIALIZED_AUTOS = YES_AGGRESSIVE;
				GCC_WARN_UNUSED_FUNCTION = YES;
				GCC_WARN_UNUSED_VARIABLE = YES;
				MACOSX_DEPLOYMENT_TARGET = 10.9;
				ONLY_ACTIVE_ARCH = YES;
				SDKROOT = macosx;
			};
			name = Debug;
		};
		D4ACA65E18DDEC4A00EBD899 /* Release */ = {
			isa = XCBuildConfiguration;
			buildSettings = {
				ALWAYS_SEARCH_USER_PATHS = NO;
				CLANG_CXX_LANGUAGE_STANDARD = "gnu++0x";
				CLANG_CXX_LIBRARY = "libc++";
				CLANG_ENABLE_MODULES = YES;
				CLANG_ENABLE_OBJC_ARC = YES;
				CLANG_WARN_BOOL_CONVERSION = YES;
				CLANG_WARN_CONSTANT_CONVERSION = YES;
				CLANG_WARN_DIRECT_OBJC_ISA_USAGE = YES_ERROR;
				CLANG_WARN_EMPTY_BODY = YES;
				CLANG_WARN_ENUM_CONVERSION = YES;
				CLANG_WARN_INT_CONVERSION = YES;
				CLANG_WARN_OBJC_ROOT_CLASS = YES_ERROR;
				CLANG_WARN__DUPLICATE_METHOD_MATCH = YES;
				COPY_PHASE_STRIP = YES;
				DEBUG_INFORMATION_FORMAT = "dwarf-with-dsym";
				ENABLE_NS_ASSERTIONS = NO;
				GCC_C_LANGUAGE_STANDARD = gnu99;
				GCC_ENABLE_OBJC_EXCEPTIONS = YES;
				GCC_INCREASE_PRECOMPILED_HEADER_SHARING = YES;
				GCC_PRECOMPILE_PREFIX_HEADER = YES;
				GCC_PREFIX_HEADER = Reducers/Reducers.pch;
				GCC_WARN_64_TO_32_BIT_CONVERSION = YES;
				GCC_WARN_ABOUT_RETURN_TYPE = YES_ERROR;
				GCC_WARN_UNDECLARED_SELECTOR = YES;
				GCC_WARN_UNINITIALIZED_AUTOS = YES_AGGRESSIVE;
				GCC_WARN_UNUSED_FUNCTION = YES;
				GCC_WARN_UNUSED_VARIABLE = YES;
				MACOSX_DEPLOYMENT_TARGET = 10.9;
				SDKROOT = macosx;
			};
			name = Release;
		};
		D4ACA66018DDEC4A00EBD899 /* Debug */ = {
			isa = XCBuildConfiguration;
			buildSettings = {
				COMBINE_HIDPI_IMAGES = YES;
				DYLIB_COMPATIBILITY_VERSION = 1;
				DYLIB_CURRENT_VERSION = 1;
				FRAMEWORK_SEARCH_PATHS = "$(DEVELOPER_FRAMEWORKS_DIR)";
				FRAMEWORK_VERSION = A;
				INFOPLIST_FILE = "Reducers/Reducers-Info.plist";
				PRODUCT_NAME = "$(TARGET_NAME)";
				WRAPPER_EXTENSION = framework;
			};
			name = Debug;
		};
		D4ACA66118DDEC4A00EBD899 /* Release */ = {
			isa = XCBuildConfiguration;
			buildSettings = {
				COMBINE_HIDPI_IMAGES = YES;
				DYLIB_COMPATIBILITY_VERSION = 1;
				DYLIB_CURRENT_VERSION = 1;
				FRAMEWORK_SEARCH_PATHS = "$(DEVELOPER_FRAMEWORKS_DIR)";
				FRAMEWORK_VERSION = A;
				INFOPLIST_FILE = "Reducers/Reducers-Info.plist";
				PRODUCT_NAME = "$(TARGET_NAME)";
				WRAPPER_EXTENSION = framework;
			};
			name = Release;
		};
		D4CE31F818DF598B00CADB65 /* Debug */ = {
			isa = XCBuildConfiguration;
			buildSettings = {
				DSTROOT = "/tmp/$(PRODUCT_NAME).dst";
				FRAMEWORK_SEARCH_PATHS = "$(SDKROOT)/Developer/Library/Frameworks";
				OTHER_LDFLAGS = "-ObjC";
				PRODUCT_NAME = Reducers;
				PUBLIC_HEADERS_FOLDER_PATH = "$(PRODUCT_NAME) Headers";
				SDKROOT = iphoneos;
				SKIP_INSTALL = YES;
				STRIP_STYLE = "non-global";
			};
			name = Debug;
		};
		D4CE31F918DF598B00CADB65 /* Release */ = {
			isa = XCBuildConfiguration;
			buildSettings = {
				DSTROOT = "/tmp/$(PRODUCT_NAME).dst";
				FRAMEWORK_SEARCH_PATHS = "$(SDKROOT)/Developer/Library/Frameworks";
				OTHER_LDFLAGS = "-ObjC";
				PRODUCT_NAME = Reducers;
				PUBLIC_HEADERS_FOLDER_PATH = "$(PRODUCT_NAME) Headers";
				SDKROOT = iphoneos;
				SKIP_INSTALL = YES;
				STRIP_STYLE = "non-global";
			};
			name = Release;
		};
/* End XCBuildConfiguration section */

/* Begin XCConfigurationList section */
		D46D2B6E18E11E490065701D /* Build configuration list for PBXNativeTarget "Reducers Mac Tests" */ = {
			isa = XCConfigurationList;
			buildConfigurations = (
				D46D2B6F18E11E490065701D /* Debug */,
				D46D2B7018E11E490065701D /* Release */,
			);
			defaultConfigurationIsVisible = 0;
		};
		D46D2B8518E11E810065701D /* Build configuration list for PBXNativeTarget "Reducers iOS Tests" */ = {
			isa = XCConfigurationList;
			buildConfigurations = (
				D46D2B8618E11E810065701D /* Debug */,
				D46D2B8718E11E810065701D /* Release */,
			);
			defaultConfigurationIsVisible = 0;
		};
		D4ACA63118DDEC4900EBD899 /* Build configuration list for PBXProject "Reducers" */ = {
			isa = XCConfigurationList;
			buildConfigurations = (
				D4ACA65D18DDEC4A00EBD899 /* Debug */,
				D4ACA65E18DDEC4A00EBD899 /* Release */,
			);
			defaultConfigurationIsVisible = 0;
			defaultConfigurationName = Release;
		};
		D4ACA65F18DDEC4A00EBD899 /* Build configuration list for PBXNativeTarget "Reducers" */ = {
			isa = XCConfigurationList;
			buildConfigurations = (
				D4ACA66018DDEC4A00EBD899 /* Debug */,
				D4ACA66118DDEC4A00EBD899 /* Release */,
			);
			defaultConfigurationIsVisible = 0;
			defaultConfigurationName = Release;
		};
		D4CE31FA18DF598B00CADB65 /* Build configuration list for PBXNativeTarget "Reducers (iOS static framework)" */ = {
			isa = XCConfigurationList;
			buildConfigurations = (
				D4CE31F818DF598B00CADB65 /* Debug */,
				D4CE31F918DF598B00CADB65 /* Release */,
			);
			defaultConfigurationIsVisible = 0;
			defaultConfigurationName = Release;
		};
/* End XCConfigurationList section */
	};
	rootObject = D4ACA62E18DDEC4900EBD899 /* Project object */;
}
